// !$*UTF8*$!
{
	archiveVersion = 1;
	classes = {
	};
	objectVersion = 56;
	objects = {

/* Begin PBXBuildFile section */
		A44703852A5E6A9A00D8EE8E /* AppDelegate.swift in Sources */ = {isa = PBXBuildFile; fileRef = A44703842A5E6A9A00D8EE8E /* AppDelegate.swift */; };
		A44703872A5E6A9A00D8EE8E /* SceneDelegate.swift in Sources */ = {isa = PBXBuildFile; fileRef = A44703862A5E6A9A00D8EE8E /* SceneDelegate.swift */; };
		A44703892A5E6A9A00D8EE8E /* ViewController.swift in Sources */ = {isa = PBXBuildFile; fileRef = A44703882A5E6A9A00D8EE8E /* ViewController.swift */; };
		A447038C2A5E6A9A00D8EE8E /* Main.storyboard in Resources */ = {isa = PBXBuildFile; fileRef = A447038A2A5E6A9A00D8EE8E /* Main.storyboard */; };
		A447038E2A5E6A9B00D8EE8E /* Assets.xcassets in Resources */ = {isa = PBXBuildFile; fileRef = A447038D2A5E6A9B00D8EE8E /* Assets.xcassets */; };
		A44703912A5E6A9B00D8EE8E /* LaunchScreen.storyboard in Resources */ = {isa = PBXBuildFile; fileRef = A447038F2A5E6A9B00D8EE8E /* LaunchScreen.storyboard */; };
		A44703992A5E6ABB00D8EE8E /* String+DualProjections.swift in Sources */ = {isa = PBXBuildFile; fileRef = A44703982A5E6ABB00D8EE8E /* String+DualProjections.swift */; };
/* End PBXBuildFile section */

/* Begin PBXFileReference section */
		A44703812A5E6A9A00D8EE8E /* MultipleProjections.app */ = {isa = PBXFileReference; explicitFileType = wrapper.application; includeInIndex = 0; path = MultipleProjections.app; sourceTree = BUILT_PRODUCTS_DIR; };
		A44703842A5E6A9A00D8EE8E /* AppDelegate.swift */ = {isa = PBXFileReference; lastKnownFileType = sourcecode.swift; path = AppDelegate.swift; sourceTree = "<group>"; };
		A44703862A5E6A9A00D8EE8E /* SceneDelegate.swift */ = {isa = PBXFileReference; lastKnownFileType = sourcecode.swift; path = SceneDelegate.swift; sourceTree = "<group>"; };
		A44703882A5E6A9A00D8EE8E /* ViewController.swift */ = {isa = PBXFileReference; lastKnownFileType = sourcecode.swift; path = ViewController.swift; sourceTree = "<group>"; };
		A447038B2A5E6A9A00D8EE8E /* Base */ = {isa = PBXFileReference; lastKnownFileType = file.storyboard; name = Base; path = Base.lproj/Main.storyboard; sourceTree = "<group>"; };
		A447038D2A5E6A9B00D8EE8E /* Assets.xcassets */ = {isa = PBXFileReference; lastKnownFileType = folder.assetcatalog; path = Assets.xcassets; sourceTree = "<group>"; };
		A44703902A5E6A9B00D8EE8E /* Base */ = {isa = PBXFileReference; lastKnownFileType = file.storyboard; name = Base; path = Base.lproj/LaunchScreen.storyboard; sourceTree = "<group>"; };
		A44703922A5E6A9B00D8EE8E /* Info.plist */ = {isa = PBXFileReference; lastKnownFileType = text.plist.xml; path = Info.plist; sourceTree = "<group>"; };
		A44703982A5E6ABB00D8EE8E /* String+DualProjections.swift */ = {isa = PBXFileReference; lastKnownFileType = sourcecode.swift; path = "String+DualProjections.swift"; sourceTree = "<group>"; };
/* End PBXFileReference section */

/* Begin PBXFrameworksBuildPhase section */
		A447037E2A5E6A9A00D8EE8E /* Frameworks */ = {
			isa = PBXFrameworksBuildPhase;
			buildActionMask = 2147483647;
			files = (
			);
			runOnlyForDeploymentPostprocessing = 0;
		};
/* End PBXFrameworksBuildPhase section */

/* Begin PBXGroup section */
		A44703782A5E6A9900D8EE8E = {
			isa = PBXGroup;
			children = (
				A44703832A5E6A9A00D8EE8E /* MultipleProjections */,
				A44703822A5E6A9A00D8EE8E /* Products */,
			);
			sourceTree = "<group>";
		};
		A44703822A5E6A9A00D8EE8E /* Products */ = {
			isa = PBXGroup;
			children = (
				A44703812A5E6A9A00D8EE8E /* MultipleProjections.app */,
			);
			name = Products;
			sourceTree = "<group>";
		};
		A44703832A5E6A9A00D8EE8E /* MultipleProjections */ = {
			isa = PBXGroup;
			children = (
				A44703842A5E6A9A00D8EE8E /* AppDelegate.swift */,
				A44703862A5E6A9A00D8EE8E /* SceneDelegate.swift */,
				A44703882A5E6A9A00D8EE8E /* ViewController.swift */,
				A44703982A5E6ABB00D8EE8E /* String+DualProjections.swift */,
				A447038A2A5E6A9A00D8EE8E /* Main.storyboard */,
				A447038D2A5E6A9B00D8EE8E /* Assets.xcassets */,
				A447038F2A5E6A9B00D8EE8E /* LaunchScreen.storyboard */,
				A44703922A5E6A9B00D8EE8E /* Info.plist */,
			);
			path = MultipleProjections;
			sourceTree = "<group>";
		};
/* End PBXGroup section */

/* Begin PBXNativeTarget section */
		A44703802A5E6A9A00D8EE8E /* MultipleProjections */ = {
			isa = PBXNativeTarget;
			buildConfigurationList = A44703952A5E6A9B00D8EE8E /* Build configuration list for PBXNativeTarget "MultipleProjections" */;
			buildPhases = (
				A447037D2A5E6A9A00D8EE8E /* Sources */,
				A447037E2A5E6A9A00D8EE8E /* Frameworks */,
				A447037F2A5E6A9A00D8EE8E /* Resources */,
			);
			buildRules = (
			);
			dependencies = (
			);
			name = MultipleProjections;
			productName = MultipleProjections;
			productReference = A44703812A5E6A9A00D8EE8E /* MultipleProjections.app */;
			productType = "com.apple.product-type.application";
		};
/* End PBXNativeTarget section */

/* Begin PBXProject section */
		A44703792A5E6A9900D8EE8E /* Project object */ = {
			isa = PBXProject;
			attributes = {
				BuildIndependentTargetsInParallel = 1;
				LastSwiftUpdateCheck = 1430;
				LastUpgradeCheck = 1430;
				TargetAttributes = {
					A44703802A5E6A9A00D8EE8E = {
						CreatedOnToolsVersion = 14.3.1;
					};
				};
			};
			buildConfigurationList = A447037C2A5E6A9900D8EE8E /* Build configuration list for PBXProject "MultipleProjections" */;
			compatibilityVersion = "Xcode 14.0";
			developmentRegion = en;
			hasScannedForEncodings = 0;
			knownRegions = (
				en,
				Base,
			);
			mainGroup = A44703782A5E6A9900D8EE8E;
			productRefGroup = A44703822A5E6A9A00D8EE8E /* Products */;
			projectDirPath = "";
			projectRoot = "";
			targets = (
				A44703802A5E6A9A00D8EE8E /* MultipleProjections */,
			);
		};
/* End PBXProject section */

/* Begin PBXResourcesBuildPhase section */
		A447037F2A5E6A9A00D8EE8E /* Resources */ = {
			isa = PBXResourcesBuildPhase;
			buildActionMask = 2147483647;
			files = (
				A44703912A5E6A9B00D8EE8E /* LaunchScreen.storyboard in Resources */,
				A447038E2A5E6A9B00D8EE8E /* Assets.xcassets in Resources */,
				A447038C2A5E6A9A00D8EE8E /* Main.storyboard in Resources */,
			);
			runOnlyForDeploymentPostprocessing = 0;
		};
/* End PBXResourcesBuildPhase section */

/* Begin PBXSourcesBuildPhase section */
		A447037D2A5E6A9A00D8EE8E /* Sources */ = {
			isa = PBXSourcesBuildPhase;
			buildActionMask = 2147483647;
			files = (
				A44703992A5E6ABB00D8EE8E /* String+DualProjections.swift in Sources */,
				A44703892A5E6A9A00D8EE8E /* ViewController.swift in Sources */,
				A44703852A5E6A9A00D8EE8E /* AppDelegate.swift in Sources */,
				A44703872A5E6A9A00D8EE8E /* SceneDelegate.swift in Sources */,
			);
			runOnlyForDeploymentPostprocessing = 0;
		};
/* End PBXSourcesBuildPhase section */

/* Begin PBXVariantGroup section */
		A447038A2A5E6A9A00D8EE8E /* Main.storyboard */ = {
			isa = PBXVariantGroup;
			children = (
				A447038B2A5E6A9A00D8EE8E /* Base */,
			);
			name = Main.storyboard;
			sourceTree = "<group>";
		};
		A447038F2A5E6A9B00D8EE8E /* LaunchScreen.storyboard */ = {
			isa = PBXVariantGroup;
			children = (
				A44703902A5E6A9B00D8EE8E /* Base */,
			);
			name = LaunchScreen.storyboard;
			sourceTree = "<group>";
		};
/* End PBXVariantGroup section */

/* Begin XCBuildConfiguration section */
		A44703932A5E6A9B00D8EE8E /* Debug */ = {
			isa = XCBuildConfiguration;
			buildSettings = {
				ALWAYS_SEARCH_USER_PATHS = NO;
				CLANG_ANALYZER_NONNULL = YES;
				CLANG_ANALYZER_NUMBER_OBJECT_CONVERSION = YES_AGGRESSIVE;
				CLANG_CXX_LANGUAGE_STANDARD = "gnu++20";
				CLANG_ENABLE_MODULES = YES;
				CLANG_ENABLE_OBJC_ARC = YES;
				CLANG_ENABLE_OBJC_WEAK = YES;
				CLANG_WARN_BLOCK_CAPTURE_AUTORELEASING = YES;
				CLANG_WARN_BOOL_CONVERSION = YES;
				CLANG_WARN_COMMA = YES;
				CLANG_WARN_CONSTANT_CONVERSION = YES;
				CLANG_WARN_DEPRECATED_OBJC_IMPLEMENTATIONS = YES;
				CLANG_WARN_DIRECT_OBJC_ISA_USAGE = YES_ERROR;
				CLANG_WARN_DOCUMENTATION_COMMENTS = YES;
				CLANG_WARN_EMPTY_BODY = YES;
				CLANG_WARN_ENUM_CONVERSION = YES;
				CLANG_WARN_INFINITE_RECURSION = YES;
				CLANG_WARN_INT_CONVERSION = YES;
				CLANG_WARN_NON_LITERAL_NULL_CONVERSION = YES;
				CLANG_WARN_OBJC_IMPLICIT_RETAIN_SELF = YES;
				CLANG_WARN_OBJC_LITERAL_CONVERSION = YES;
				CLANG_WARN_OBJC_ROOT_CLASS = YES_ERROR;
				CLANG_WARN_QUOTED_INCLUDE_IN_FRAMEWORK_HEADER = YES;
				CLANG_WARN_RANGE_LOOP_ANALYSIS = YES;
				CLANG_WARN_STRICT_PROTOTYPES = YES;
				CLANG_WARN_SUSPICIOUS_MOVE = YES;
				CLANG_WARN_UNGUARDED_AVAILABILITY = YES_AGGRESSIVE;
				CLANG_WARN_UNREACHABLE_CODE = YES;
				CLANG_WARN__DUPLICATE_METHOD_MATCH = YES;
				COPY_PHASE_STRIP = NO;
				DEBUG_INFORMATION_FORMAT = dwarf;
				ENABLE_STRICT_OBJC_MSGSEND = YES;
				ENABLE_TESTABILITY = YES;
				GCC_C_LANGUAGE_STANDARD = gnu11;
				GCC_DYNAMIC_NO_PIC = NO;
				GCC_NO_COMMON_BLOCKS = YES;
				GCC_OPTIMIZATION_LEVEL = 0;
				GCC_PREPROCESSOR_DEFINITIONS = (
					"DEBUG=1",
					"$(inherited)",
				);
				GCC_WARN_64_TO_32_BIT_CONVERSION = YES;
				GCC_WARN_ABOUT_RETURN_TYPE = YES_ERROR;
				GCC_WARN_UNDECLARED_SELECTOR = YES;
				GCC_WARN_UNINITIALIZED_AUTOS = YES_AGGRESSIVE;
				GCC_WARN_UNUSED_FUNCTION = YES;
				GCC_WARN_UNUSED_VARIABLE = YES;
				IPHONEOS_DEPLOYMENT_TARGET = 14.0;
				MTL_ENABLE_DEBUG_INFO = INCLUDE_SOURCE;
				MTL_FAST_MATH = YES;
				ONLY_ACTIVE_ARCH = YES;
				SDKROOT = iphoneos;
				SWIFT_ACTIVE_COMPILATION_CONDITIONS = DEBUG;
				SWIFT_OPTIMIZATION_LEVEL = "-Onone";
			};
			name = Debug;
		};
		A44703942A5E6A9B00D8EE8E /* Release */ = {
			isa = XCBuildConfiguration;
			buildSettings = {
				ALWAYS_SEARCH_USER_PATHS = NO;
				CLANG_ANALYZER_NONNULL = YES;
				CLANG_ANALYZER_NUMBER_OBJECT_CONVERSION = YES_AGGRESSIVE;
				CLANG_CXX_LANGUAGE_STANDARD = "gnu++20";
				CLANG_ENABLE_MODULES = YES;
				CLANG_ENABLE_OBJC_ARC = YES;
				CLANG_ENABLE_OBJC_WEAK = YES;
				CLANG_WARN_BLOCK_CAPTURE_AUTORELEASING = YES;
				CLANG_WARN_BOOL_CONVERSION = YES;
				CLANG_WARN_COMMA = YES;
				CLANG_WARN_CONSTANT_CONVERSION = YES;
				CLANG_WARN_DEPRECATED_OBJC_IMPLEMENTATIONS = YES;
				CLANG_WARN_DIRECT_OBJC_ISA_USAGE = YES_ERROR;
				CLANG_WARN_DOCUMENTATION_COMMENTS = YES;
				CLANG_WARN_EMPTY_BODY = YES;
				CLANG_WARN_ENUM_CONVERSION = YES;
				CLANG_WARN_INFINITE_RECURSION = YES;
				CLANG_WARN_INT_CONVERSION = YES;
				CLANG_WARN_NON_LITERAL_NULL_CONVERSION = YES;
				CLANG_WARN_OBJC_IMPLICIT_RETAIN_SELF = YES;
				CLANG_WARN_OBJC_LITERAL_CONVERSION = YES;
				CLANG_WARN_OBJC_ROOT_CLASS = YES_ERROR;
				CLANG_WARN_QUOTED_INCLUDE_IN_FRAMEWORK_HEADER = YES;
				CLANG_WARN_RANGE_LOOP_ANALYSIS = YES;
				CLANG_WARN_STRICT_PROTOTYPES = YES;
				CLANG_WARN_SUSPICIOUS_MOVE = YES;
				CLANG_WARN_UNGUARDED_AVAILABILITY = YES_AGGRESSIVE;
				CLANG_WARN_UNREACHABLE_CODE = YES;
				CLANG_WARN__DUPLICATE_METHOD_MATCH = YES;
				COPY_PHASE_STRIP = NO;
				DEBUG_INFORMATION_FORMAT = "dwarf-with-dsym";
				ENABLE_NS_ASSERTIONS = NO;
				ENABLE_STRICT_OBJC_MSGSEND = YES;
				GCC_C_LANGUAGE_STANDARD = gnu11;
				GCC_NO_COMMON_BLOCKS = YES;
				GCC_WARN_64_TO_32_BIT_CONVERSION = YES;
				GCC_WARN_ABOUT_RETURN_TYPE = YES_ERROR;
				GCC_WARN_UNDECLARED_SELECTOR = YES;
				GCC_WARN_UNINITIALIZED_AUTOS = YES_AGGRESSIVE;
				GCC_WARN_UNUSED_FUNCTION = YES;
				GCC_WARN_UNUSED_VARIABLE = YES;
				IPHONEOS_DEPLOYMENT_TARGET = 14.0;
				MTL_ENABLE_DEBUG_INFO = NO;
				MTL_FAST_MATH = YES;
				SDKROOT = iphoneos;
				SWIFT_COMPILATION_MODE = wholemodule;
				SWIFT_OPTIMIZATION_LEVEL = "-O";
				VALIDATE_PRODUCT = YES;
			};
			name = Release;
		};
		A44703962A5E6A9B00D8EE8E /* Debug */ = {
			isa = XCBuildConfiguration;
			buildSettings = {
				ASSETCATALOG_COMPILER_APPICON_NAME = AppIcon;
				ASSETCATALOG_COMPILER_GLOBAL_ACCENT_COLOR_NAME = AccentColor;
				CODE_SIGN_STYLE = Automatic;
				CURRENT_PROJECT_VERSION = 1;
				DEVELOPMENT_TEAM = U5W86Q3T89;
				GENERATE_INFOPLIST_FILE = YES;
				INFOPLIST_FILE = MultipleProjections/Info.plist;
				INFOPLIST_KEY_UIApplicationSupportsIndirectInputEvents = YES;
				INFOPLIST_KEY_UILaunchStoryboardName = LaunchScreen;
				INFOPLIST_KEY_UIMainStoryboardFile = Main;
				INFOPLIST_KEY_UISupportedInterfaceOrientations_iPad = "UIInterfaceOrientationPortrait UIInterfaceOrientationPortraitUpsideDown UIInterfaceOrientationLandscapeLeft UIInterfaceOrientationLandscapeRight";
				INFOPLIST_KEY_UISupportedInterfaceOrientations_iPhone = "UIInterfaceOrientationPortrait UIInterfaceOrientationLandscapeLeft UIInterfaceOrientationLandscapeRight";
				LD_RUNPATH_SEARCH_PATHS = (
					"$(inherited)",
					"@executable_path/Frameworks",
				);
				MARKETING_VERSION = 1.0;
				PRODUCT_BUNDLE_IDENTIFIER = com.sunimp.MultipleProjections;
				PRODUCT_NAME = "$(TARGET_NAME)";
				SWIFT_EMIT_LOC_STRINGS = YES;
				SWIFT_VERSION = 5.0;
				TARGETED_DEVICE_FAMILY = "1,2";
			};
			name = Debug;
		};
		A44703972A5E6A9B00D8EE8E /* Release */ = {
			isa = XCBuildConfiguration;
			buildSettings = {
				ASSETCATALOG_COMPILER_APPICON_NAME = AppIcon;
				ASSETCATALOG_COMPILER_GLOBAL_ACCENT_COLOR_NAME = AccentColor;
				CODE_SIGN_STYLE = Automatic;
				CURRENT_PROJECT_VERSION = 1;
				DEVELOPMENT_TEAM = U5W86Q3T89;
				GENERATE_INFOPLIST_FILE = YES;
				INFOPLIST_FILE = MultipleProjections/Info.plist;
				INFOPLIST_KEY_UIApplicationSupportsIndirectInputEvents = YES;
				INFOPLIST_KEY_UILaunchStoryboardName = LaunchScreen;
				INFOPLIST_KEY_UIMainStoryboardFile = Main;
				INFOPLIST_KEY_UISupportedInterfaceOrientations_iPad = "UIInterfaceOrientationPortrait UIInterfaceOrientationPortraitUpsideDown UIInterfaceOrientationLandscapeLeft UIInterfaceOrientationLandscapeRight";
				INFOPLIST_KEY_UISupportedInterfaceOrientations_iPhone = "UIInterfaceOrientationPortrait UIInterfaceOrientationLandscapeLeft UIInterfaceOrientationLandscapeRight";
				LD_RUNPATH_SEARCH_PATHS = (
					"$(inherited)",
					"@executable_path/Frameworks",
				);
				MARKETING_VERSION = 1.0;
				PRODUCT_BUNDLE_IDENTIFIER = com.sunimp.MultipleProjections;
				PRODUCT_NAME = "$(TARGET_NAME)";
				SWIFT_EMIT_LOC_STRINGS = YES;
				SWIFT_VERSION = 5.0;
				TARGETED_DEVICE_FAMILY = "1,2";
			};
			name = Release;
		};
/* End XCBuildConfiguration section */

/* Begin XCConfigurationList section */
		A447037C2A5E6A9900D8EE8E /* Build configuration list for PBXProject "MultipleProjections" */ = {
			isa = XCConfigurationList;
			buildConfigurations = (
				A44703932A5E6A9B00D8EE8E /* Debug */,
				A44703942A5E6A9B00D8EE8E /* Release */,
			);
			defaultConfigurationIsVisible = 0;
			defaultConfigurationName = Release;
		};
		A44703952A5E6A9B00D8EE8E /* Build configuration list for PBXNativeTarget "MultipleProjections" */ = {
			isa = XCConfigurationList;
			buildConfigurations = (
				A44703962A5E6A9B00D8EE8E /* Debug */,
				A44703972A5E6A9B00D8EE8E /* Release */,
			);
			defaultConfigurationIsVisible = 0;
			defaultConfigurationName = Release;
		};
/* End XCConfigurationList section */
	};
	rootObject = A44703792A5E6A9900D8EE8E /* Project object */;
}
